
Microsoft Visual Studio Solution File, Format Version 12.00
# Visual Studio Version 17
VisualStudioVersion = 17.1.32210.238
MinimumVisualStudioVersion = 10.0.40219.1
Project("{9A19103F-16F7-4668-BE54-9A1E7A4F7556}") = "MyWebsiteSmiley", "MyWebsiteSmiley\MyWebsiteSmiley.csproj", "{11DADDE6-027E-4299-9AF4-E5258922BB00}"
EndProject
Project("{9A19103F-16F7-4668-BE54-9A1E7A4F7556}") = "LogicLayer", "LogicLayer\LogicLayer.csproj", "{F84F6D51-4FBE-4BE6-B948-06CE9A2DB53E}"
	ProjectSection(ProjectDependencies) = postProject
		{A613B80C-494F-4AFC-86AF-554664AF34C5} = {A613B80C-494F-4AFC-86AF-554664AF34C5}
	EndProjectSection
EndProject
Project("{9A19103F-16F7-4668-BE54-9A1E7A4F7556}") = "SmileyDesktopApp", "SmileyDesktopApp\SmileyDesktopApp.csproj", "{D3014F00-271C-4B5D-AF9A-1233703D3190}"
	ProjectSection(ProjectDependencies) = postProject
		{F84F6D51-4FBE-4BE6-B948-06CE9A2DB53E} = {F84F6D51-4FBE-4BE6-B948-06CE9A2DB53E}
	EndProjectSection
EndProject
Project("{9A19103F-16F7-4668-BE54-9A1E7A4F7556}") = "DataAccesLayer", "DataAccesLayer\DataAccesLayer.csproj", "{A613B80C-494F-4AFC-86AF-554664AF34C5}"
EndProject
Project("{9A19103F-16F7-4668-BE54-9A1E7A4F7556}") = "SmileyUnitTest", "SmileyUnitTest\SmileyUnitTest.csproj", "{EFB88AF0-C82F-415F-98BF-0BBE08E868B3}"
	ProjectSection(ProjectDependencies) = postProject
		{F84F6D51-4FBE-4BE6-B948-06CE9A2DB53E} = {F84F6D51-4FBE-4BE6-B948-06CE9A2DB53E}
	EndProjectSection
EndProject
Global
	GlobalSection(SolutionConfigurationPlatforms) = preSolution
		Debug|Any CPU = Debug|Any CPU
		Release|Any CPU = Release|Any CPU
	EndGlobalSection
	GlobalSection(ProjectConfigurationPlatforms) = postSolution
		{11DADDE6-027E-4299-9AF4-E5258922BB00}.Debug|Any CPU.ActiveCfg = Debug|Any CPU
		{11DADDE6-027E-4299-9AF4-E5258922BB00}.Debug|Any CPU.Build.0 = Debug|Any CPU
		{11DADDE6-027E-4299-9AF4-E5258922BB00}.Release|Any CPU.ActiveCfg = Release|Any CPU
		{11DADDE6-027E-4299-9AF4-E5258922BB00}.Release|Any CPU.Build.0 = Release|Any CPU
		{F84F6D51-4FBE-4BE6-B948-06CE9A2DB53E}.Debug|Any CPU.ActiveCfg = Debug|Any CPU
		{F84F6D51-4FBE-4BE6-B948-06CE9A2DB53E}.Debug|Any CPU.Build.0 = Debug|Any CPU
		{F84F6D51-4FBE-4BE6-B948-06CE9A2DB53E}.Release|Any CPU.ActiveCfg = Release|Any CPU
		{F84F6D51-4FBE-4BE6-B948-06CE9A2DB53E}.Release|Any CPU.Build.0 = Release|Any CPU
		{D3014F00-271C-4B5D-AF9A-1233703D3190}.Debug|Any CPU.ActiveCfg = Debug|Any CPU
		{D3014F00-271C-4B5D-AF9A-1233703D3190}.Debug|Any CPU.Build.0 = Debug|Any CPU
		{D3014F00-271C-4B5D-AF9A-1233703D3190}.Release|Any CPU.ActiveCfg = Release|Any CPU
		{D3014F00-271C-4B5D-AF9A-1233703D3190}.Release|Any CPU.Build.0 = Release|Any CPU
		{A613B80C-494F-4AFC-86AF-554664AF34C5}.Debug|Any CPU.ActiveCfg = Debug|Any CPU
		{A613B80C-494F-4AFC-86AF-554664AF34C5}.Debug|Any CPU.Build.0 = Debug|Any CPU
		{A613B80C-494F-4AFC-86AF-554664AF34C5}.Release|Any CPU.ActiveCfg = Release|Any CPU
		{A613B80C-494F-4AFC-86AF-554664AF34C5}.Release|Any CPU.Build.0 = Release|Any CPU
		{EFB88AF0-C82F-415F-98BF-0BBE08E868B3}.Debug|Any CPU.ActiveCfg = Debug|Any CPU
		{EFB88AF0-C82F-415F-98BF-0BBE08E868B3}.Debug|Any CPU.Build.0 = Debug|Any CPU
		{EFB88AF0-C82F-415F-98BF-0BBE08E868B3}.Release|Any CPU.ActiveCfg = Release|Any CPU
		{EFB88AF0-C82F-415F-98BF-0BBE08E868B3}.Release|Any CPU.Build.0 = Release|Any CPU
	EndGlobalSection
	GlobalSection(SolutionProperties) = preSolution
		HideSolutionNode = FALSE
	EndGlobalSection
	GlobalSection(ExtensibilityGlobals) = postSolution
		SolutionGuid = {E3BF7F22-DD63-4BE6-8BEC-D77F1F33EADE}
	EndGlobalSection
EndGlobal
